version: 6
environments:
  default:
    channels:
    - url: conda-forge
    packages:
      win-64:
      - conda: https://conda.anaconda.org/conda-forge/win-64/test-1.0-0.conda
packages:
- conda: https://conda.anaconda.org/conda-forge/win-64/test-1.0-0.conda
  subdir: win-64
  sha256: afc0b8eb310986a004dbcb729d82ba5591de474fa6616924b0e4b62702b88d58
  md5: b2fb2a72c20eef6f08526da54a702735
  channel: conda-forge
  size: 3178
  timestamp: 1746735258166
